
Microsoft Visual Studio Solution File, Format Version 12.00
# Visual Studio Version 17
VisualStudioVersion = 17.5.33627.172
MinimumVisualStudioVersion = 10.0.40219.1
Project("{FAE04EC0-301F-11D3-BF4B-00C04F79EFBC}") = "Killfeed", "Killfeed\Killfeed.csproj", "{C48AABD7-8844-4E66-904F-862A67154531}"
EndProject
Global
	GlobalSection(SolutionConfigurationPlatforms) = preSolution
		Debug|Any CPU = Debug|Any CPU
		Release|Any CPU = Release|Any CPU
	EndGlobalSection
	GlobalSection(ProjectConfigurationPlatforms) = postSolution
		{C48AABD7-8844-4E66-904F-862A67154531}.Debug|Any CPU.ActiveCfg = Debug|Any CPU
		{C48AABD7-8844-4E66-904F-862A67154531}.Debug|Any CPU.Build.0 = Debug|Any CPU
		{C48AABD7-8844-4E66-904F-862A67154531}.Release|Any CPU.ActiveCfg = Release|Any CPU
		{C48AABD7-8844-4E66-904F-862A67154531}.Release|Any CPU.Build.0 = Release|Any CPU
	EndGlobalSection
	GlobalSection(SolutionProperties) = preSolution
		HideSolutionNode = FALSE
	EndGlobalSection
	GlobalSection(ExtensibilityGlobals) = postSolution
		SolutionGuid = {7F77144F-8399-4158-A535-131887C7ABE0}
	EndGlobalSection
EndGlobal
